
Microsoft Visual Studio Solution File, Format Version 12.00
# Visual Studio Version 17
VisualStudioVersion = 17.0.32014.148
MinimumVisualStudioVersion = 10.0.40219.1
Project("{FAE04EC0-301F-11D3-BF4B-00C04F79EFBC}") = "ManagerAPI", "ManagerAPI\ManagerAPI.csproj", "{0F7A27C8-0AFA-4DF9-896C-50E3C1CF250F}"
EndProject
Global
	GlobalSection(SolutionConfigurationPlatforms) = preSolution
		Debug|Any CPU = Debug|Any CPU
		Release|Any CPU = Release|Any CPU
	EndGlobalSection
	GlobalSection(ProjectConfigurationPlatforms) = postSolution
		{0F7A27C8-0AFA-4DF9-896C-50E3C1CF250F}.Debug|Any CPU.ActiveCfg = Debug|Any CPU
		{0F7A27C8-0AFA-4DF9-896C-50E3C1CF250F}.Debug|Any CPU.Build.0 = Debug|Any CPU
		{0F7A27C8-0AFA-4DF9-896C-50E3C1CF250F}.Release|Any CPU.ActiveCfg = Release|Any CPU
		{0F7A27C8-0AFA-4DF9-896C-50E3C1CF250F}.Release|Any CPU.Build.0 = Release|Any CPU
	EndGlobalSection
	GlobalSection(SolutionProperties) = preSolution
		HideSolutionNode = FALSE
	EndGlobalSection
	GlobalSection(ExtensibilityGlobals) = postSolution
		SolutionGuid = {B20A61EE-A7CD-4487-AE19-9C4D3B3CBCBB}
	EndGlobalSection
EndGlobal
